
Microsoft Visual Studio Solution File, Format Version 12.00
# Visual Studio 15
VisualStudioVersion = 15.0.26430.16
MinimumVisualStudioVersion = 10.0.40219.1
Project("{FAE04EC0-301F-11D3-BF4B-00C04F79EFBC}") = "ForeingExhangeWindows.Android", "ForeingExhangeWindows\ForeingExhangeWindows.Android\ForeingExhangeWindows.Android.csproj", "{DADD25B1-7430-4DBF-8F7E-1FB8FB0BB18A}"
EndProject
Project("{FAE04EC0-301F-11D3-BF4B-00C04F79EFBC}") = "ForeingExhangeWindows", "ForeingExhangeWindows\ForeingExhangeWindows\ForeingExhangeWindows.csproj", "{08C2D686-0DE8-4E15-AE9D-0CAB36F72B27}"
EndProject
Project("{FAE04EC0-301F-11D3-BF4B-00C04F79EFBC}") = "ForeingExhangeWindows.UWP", "ForeingExhangeWindows\ForeingExhangeWindows.UWP\ForeingExhangeWindows.UWP.csproj", "{AB1F0282-C4A7-49DF-982D-4DFF3EE7EAD6}"
EndProject
Project("{FAE04EC0-301F-11D3-BF4B-00C04F79EFBC}") = "ForeingExhangeWindows.iOS", "ForeingExhangeWindows\ForeingExhangeWindows.iOS\ForeingExhangeWindows.iOS.csproj", "{DA528AD9-F08F-4B92-AF95-153174D36E13}"
EndProject
Global
	GlobalSection(SolutionConfigurationPlatforms) = preSolution
		Ad-Hoc|Any CPU = Ad-Hoc|Any CPU
		Ad-Hoc|ARM = Ad-Hoc|ARM
		Ad-Hoc|iPhone = Ad-Hoc|iPhone
		Ad-Hoc|iPhoneSimulator = Ad-Hoc|iPhoneSimulator
		Ad-Hoc|x64 = Ad-Hoc|x64
		Ad-Hoc|x86 = Ad-Hoc|x86
		AppStore|Any CPU = AppStore|Any CPU
		AppStore|ARM = AppStore|ARM
		AppStore|iPhone = AppStore|iPhone
		AppStore|iPhoneSimulator = AppStore|iPhoneSimulator
		AppStore|x64 = AppStore|x64
		AppStore|x86 = AppStore|x86
		Debug|Any CPU = Debug|Any CPU
		Debug|ARM = Debug|ARM
		Debug|iPhone = Debug|iPhone
		Debug|iPhoneSimulator = Debug|iPhoneSimulator
		Debug|x64 = Debug|x64
		Debug|x86 = Debug|x86
		Release|Any CPU = Release|Any CPU
		Release|ARM = Release|ARM
		Release|iPhone = Release|iPhone
		Release|iPhoneSimulator = Release|iPhoneSimulator
		Release|x64 = Release|x64
		Release|x86 = Release|x86
	EndGlobalSection
	GlobalSection(ProjectConfigurationPlatforms) = postSolution
		{DADD25B1-7430-4DBF-8F7E-1FB8FB0BB18A}.Ad-Hoc|Any CPU.ActiveCfg = Release|Any CPU
		{DADD25B1-7430-4DBF-8F7E-1FB8FB0BB18A}.Ad-Hoc|Any CPU.Build.0 = Release|Any CPU
		{DADD25B1-7430-4DBF-8F7E-1FB8FB0BB18A}.Ad-Hoc|Any CPU.Deploy.0 = Release|Any CPU
		{DADD25B1-7430-4DBF-8F7E-1FB8FB0BB18A}.Ad-Hoc|ARM.ActiveCfg = Release|Any CPU
		{DADD25B1-7430-4DBF-8F7E-1FB8FB0BB18A}.Ad-Hoc|ARM.Build.0 = Release|Any CPU
		{DADD25B1-7430-4DBF-8F7E-1FB8FB0BB18A}.Ad-Hoc|ARM.Deploy.0 = Release|Any CPU
		{DADD25B1-7430-4DBF-8F7E-1FB8FB0BB18A}.Ad-Hoc|iPhone.ActiveCfg = Release|Any CPU
		{DADD25B1-7430-4DBF-8F7E-1FB8FB0BB18A}.Ad-Hoc|iPhone.Build.0 = Release|Any CPU
		{DADD25B1-7430-4DBF-8F7E-1FB8FB0BB18A}.Ad-Hoc|iPhone.Deploy.0 = Release|Any CPU
		{DADD25B1-7430-4DBF-8F7E-1FB8FB0BB18A}.Ad-Hoc|iPhoneSimulator.ActiveCfg = Release|Any CPU
		{DADD25B1-7430-4DBF-8F7E-1FB8FB0BB18A}.Ad-Hoc|iPhoneSimulator.Build.0 = Release|Any CPU
		{DADD25B1-7430-4DBF-8F7E-1FB8FB0BB18A}.Ad-Hoc|iPhoneSimulator.Deploy.0 = Release|Any CPU
		{DADD25B1-7430-4DBF-8F7E-1FB8FB0BB18A}.Ad-Hoc|x64.ActiveCfg = Release|Any CPU
		{DADD25B1-7430-4DBF-8F7E-1FB8FB0BB18A}.Ad-Hoc|x64.Build.0 = Release|Any CPU
		{DADD25B1-7430-4DBF-8F7E-1FB8FB0BB18A}.Ad-Hoc|x64.Deploy.0 = Release|Any CPU
		{DADD25B1-7430-4DBF-8F7E-1FB8FB0BB18A}.Ad-Hoc|x86.ActiveCfg = Release|Any CPU
		{DADD25B1-7430-4DBF-8F7E-1FB8FB0BB18A}.Ad-Hoc|x86.Build.0 = Release|Any CPU
		{DADD25B1-7430-4DBF-8F7E-1FB8FB0BB18A}.Ad-Hoc|x86.Deploy.0 = Release|Any CPU
		{DADD25B1-7430-4DBF-8F7E-1FB8FB0BB18A}.AppStore|Any CPU.ActiveCfg = Release|Any CPU
		{DADD25B1-7430-4DBF-8F7E-1FB8FB0BB18A}.AppStore|Any CPU.Build.0 = Release|Any CPU
		{DADD25B1-7430-4DBF-8F7E-1FB8FB0BB18A}.AppStore|Any CPU.Deploy.0 = Release|Any CPU
		{DADD25B1-7430-4DBF-8F7E-1FB8FB0BB18A}.AppStore|ARM.ActiveCfg = Release|Any CPU
		{DADD25B1-7430-4DBF-8F7E-1FB8FB0BB18A}.AppStore|ARM.Build.0 = Release|Any CPU
		{DADD25B1-7430-4DBF-8F7E-1FB8FB0BB18A}.AppStore|ARM.Deploy.0 = Release|Any CPU
		{DADD25B1-7430-4DBF-8F7E-1FB8FB0BB18A}.AppStore|iPhone.ActiveCfg = Release|Any CPU
		{DADD25B1-7430-4DBF-8F7E-1FB8FB0BB18A}.AppStore|iPhone.Build.0 = Release|Any CPU
		{DADD25B1-7430-4DBF-8F7E-1FB8FB0BB18A}.AppStore|iPhone.Deploy.0 = Release|Any CPU
		{DADD25B1-7430-4DBF-8F7E-1FB8FB0BB18A}.AppStore|iPhoneSimulator.ActiveCfg = Release|Any CPU
		{DADD25B1-7430-4DBF-8F7E-1FB8FB0BB18A}.AppStore|iPhoneSimulator.Build.0 = Release|Any CPU
		{DADD25B1-7430-4DBF-8F7E-1FB8FB0BB18A}.AppStore|iPhoneSimulator.Deploy.0 = Release|Any CPU
		{DADD25B1-7430-4DBF-8F7E-1FB8FB0BB18A}.AppStore|x64.ActiveCfg = Release|Any CPU
		{DADD25B1-7430-4DBF-8F7E-1FB8FB0BB18A}.AppStore|x64.Build.0 = Release|Any CPU
		{DADD25B1-7430-4DBF-8F7E-1FB8FB0BB18A}.AppStore|x64.Deploy.0 = Release|Any CPU
		{DADD25B1-7430-4DBF-8F7E-1FB8FB0BB18A}.AppStore|x86.ActiveCfg = Release|Any CPU
		{DADD25B1-7430-4DBF-8F7E-1FB8FB0BB18A}.AppStore|x86.Build.0 = Release|Any CPU
		{DADD25B1-7430-4DBF-8F7E-1FB8FB0BB18A}.AppStore|x86.Deploy.0 = Release|Any CPU
		{DADD25B1-7430-4DBF-8F7E-1FB8FB0BB18A}.Debug|Any CPU.ActiveCfg = Debug|Any CPU
		{DADD25B1-7430-4DBF-8F7E-1FB8FB0BB18A}.Debug|Any CPU.Build.0 = Debug|Any CPU
		{DADD25B1-7430-4DBF-8F7E-1FB8FB0BB18A}.Debug|Any CPU.Deploy.0 = Debug|Any CPU
		{DADD25B1-7430-4DBF-8F7E-1FB8FB0BB18A}.Debug|ARM.ActiveCfg = Debug|Any CPU
		{DADD25B1-7430-4DBF-8F7E-1FB8FB0BB18A}.Debug|ARM.Build.0 = Debug|Any CPU
		{DADD25B1-7430-4DBF-8F7E-1FB8FB0BB18A}.Debug|ARM.Deploy.0 = Debug|Any CPU
		{DADD25B1-7430-4DBF-8F7E-1FB8FB0BB18A}.Debug|iPhone.ActiveCfg = Debug|Any CPU
		{DADD25B1-7430-4DBF-8F7E-1FB8FB0BB18A}.Debug|iPhone.Build.0 = Debug|Any CPU
		{DADD25B1-7430-4DBF-8F7E-1FB8FB0BB18A}.Debug|iPhone.Deploy.0 = Debug|Any CPU
		{DADD25B1-7430-4DBF-8F7E-1FB8FB0BB18A}.Debug|iPhoneSimulator.ActiveCfg = Debug|Any CPU
		{DADD25B1-7430-4DBF-8F7E-1FB8FB0BB18A}.Debug|iPhoneSimulator.Build.0 = Debug|Any CPU
		{DADD25B1-7430-4DBF-8F7E-1FB8FB0BB18A}.Debug|iPhoneSimulator.Deploy.0 = Debug|Any CPU
		{DADD25B1-7430-4DBF-8F7E-1FB8FB0BB18A}.Debug|x64.ActiveCfg = Debug|Any CPU
		{DADD25B1-7430-4DBF-8F7E-1FB8FB0BB18A}.Debug|x64.Build.0 = Debug|Any CPU
		{DADD25B1-7430-4DBF-8F7E-1FB8FB0BB18A}.Debug|x64.Deploy.0 = Debug|Any CPU
		{DADD25B1-7430-4DBF-8F7E-1FB8FB0BB18A}.Debug|x86.ActiveCfg = Debug|Any CPU
		{DADD25B1-7430-4DBF-8F7E-1FB8FB0BB18A}.Debug|x86.Build.0 = Debug|Any CPU
		{DADD25B1-7430-4DBF-8F7E-1FB8FB0BB18A}.Debug|x86.Deploy.0 = Debug|Any CPU
		{DADD25B1-7430-4DBF-8F7E-1FB8FB0BB18A}.Release|Any CPU.ActiveCfg = Release|Any CPU
		{DADD25B1-7430-4DBF-8F7E-1FB8FB0BB18A}.Release|Any CPU.Build.0 = Release|Any CPU
		{DADD25B1-7430-4DBF-8F7E-1FB8FB0BB18A}.Release|Any CPU.Deploy.0 = Release|Any CPU
		{DADD25B1-7430-4DBF-8F7E-1FB8FB0BB18A}.Release|ARM.ActiveCfg = Release|Any CPU
		{DADD25B1-7430-4DBF-8F7E-1FB8FB0BB18A}.Release|ARM.Build.0 = Release|Any CPU
		{DADD25B1-7430-4DBF-8F7E-1FB8FB0BB18A}.Release|ARM.Deploy.0 = Release|Any CPU
		{DADD25B1-7430-4DBF-8F7E-1FB8FB0BB18A}.Release|iPhone.ActiveCfg = Release|Any CPU
		{DADD25B1-7430-4DBF-8F7E-1FB8FB0BB18A}.Release|iPhone.Build.0 = Release|Any CPU
		{DADD25B1-7430-4DBF-8F7E-1FB8FB0BB18A}.Release|iPhone.Deploy.0 = Release|Any CPU
		{DADD25B1-7430-4DBF-8F7E-1FB8FB0BB18A}.Release|iPhoneSimulator.ActiveCfg = Release|Any CPU
		{DADD25B1-7430-4DBF-8F7E-1FB8FB0BB18A}.Release|iPhoneSimulator.Build.0 = Release|Any CPU
		{DADD25B1-7430-4DBF-8F7E-1FB8FB0BB18A}.Release|iPhoneSimulator.Deploy.0 = Release|Any CPU
		{DADD25B1-7430-4DBF-8F7E-1FB8FB0BB18A}.Release|x64.ActiveCfg = Release|Any CPU
		{DADD25B1-7430-4DBF-8F7E-1FB8FB0BB18A}.Release|x64.Build.0 = Release|Any CPU
		{DADD25B1-7430-4DBF-8F7E-1FB8FB0BB18A}.Release|x64.Deploy.0 = Release|Any CPU
		{DADD25B1-7430-4DBF-8F7E-1FB8FB0BB18A}.Release|x86.ActiveCfg = Release|Any CPU
		{DADD25B1-7430-4DBF-8F7E-1FB8FB0BB18A}.Release|x86.Build.0 = Release|Any CPU
		{DADD25B1-7430-4DBF-8F7E-1FB8FB0BB18A}.Release|x86.Deploy.0 = Release|Any CPU
		{08C2D686-0DE8-4E15-AE9D-0CAB36F72B27}.Ad-Hoc|Any CPU.ActiveCfg = Release|Any CPU
		{08C2D686-0DE8-4E15-AE9D-0CAB36F72B27}.Ad-Hoc|Any CPU.Build.0 = Release|Any CPU
		{08C2D686-0DE8-4E15-AE9D-0CAB36F72B27}.Ad-Hoc|ARM.ActiveCfg = Release|Any CPU
		{08C2D686-0DE8-4E15-AE9D-0CAB36F72B27}.Ad-Hoc|ARM.Build.0 = Release|Any CPU
		{08C2D686-0DE8-4E15-AE9D-0CAB36F72B27}.Ad-Hoc|iPhone.ActiveCfg = Release|Any CPU
		{08C2D686-0DE8-4E15-AE9D-0CAB36F72B27}.Ad-Hoc|iPhone.Build.0 = Release|Any CPU
		{08C2D686-0DE8-4E15-AE9D-0CAB36F72B27}.Ad-Hoc|iPhoneSimulator.ActiveCfg = Release|Any CPU
		{08C2D686-0DE8-4E15-AE9D-0CAB36F72B27}.Ad-Hoc|iPhoneSimulator.Build.0 = Release|Any CPU
		{08C2D686-0DE8-4E15-AE9D-0CAB36F72B27}.Ad-Hoc|x64.ActiveCfg = Release|Any CPU
		{08C2D686-0DE8-4E15-AE9D-0CAB36F72B27}.Ad-Hoc|x64.Build.0 = Release|Any CPU
		{08C2D686-0DE8-4E15-AE9D-0CAB36F72B27}.Ad-Hoc|x86.ActiveCfg = Release|Any CPU
		{08C2D686-0DE8-4E15-AE9D-0CAB36F72B27}.Ad-Hoc|x86.Build.0 = Release|Any CPU
		{08C2D686-0DE8-4E15-AE9D-0CAB36F72B27}.AppStore|Any CPU.ActiveCfg = Release|Any CPU
		{08C2D686-0DE8-4E15-AE9D-0CAB36F72B27}.AppStore|Any CPU.Build.0 = Release|Any CPU
		{08C2D686-0DE8-4E15-AE9D-0CAB36F72B27}.AppStore|ARM.ActiveCfg = Release|Any CPU
		{08C2D686-0DE8-4E15-AE9D-0CAB36F72B27}.AppStore|ARM.Build.0 = Release|Any CPU
		{08C2D686-0DE8-4E15-AE9D-0CAB36F72B27}.AppStore|iPhone.ActiveCfg = Release|Any CPU
		{08C2D686-0DE8-4E15-AE9D-0CAB36F72B27}.AppStore|iPhone.Build.0 = Release|Any CPU
		{08C2D686-0DE8-4E15-AE9D-0CAB36F72B27}.AppStore|iPhoneSimulator.ActiveCfg = Release|Any CPU
		{08C2D686-0DE8-4E15-AE9D-0CAB36F72B27}.AppStore|iPhoneSimulator.Build.0 = Release|Any CPU
		{08C2D686-0DE8-4E15-AE9D-0CAB36F72B27}.AppStore|x64.ActiveCfg = Release|Any CPU
		{08C2D686-0DE8-4E15-AE9D-0CAB36F72B27}.AppStore|x64.Build.0 = Release|Any CPU
		{08C2D686-0DE8-4E15-AE9D-0CAB36F72B27}.AppStore|x86.ActiveCfg = Release|Any CPU
		{08C2D686-0DE8-4E15-AE9D-0CAB36F72B27}.AppStore|x86.Build.0 = Release|Any CPU
		{08C2D686-0DE8-4E15-AE9D-0CAB36F72B27}.Debug|Any CPU.ActiveCfg = Debug|Any CPU
		{08C2D686-0DE8-4E15-AE9D-0CAB36F72B27}.Debug|Any CPU.Build.0 = Debug|Any CPU
		{08C2D686-0DE8-4E15-AE9D-0CAB36F72B27}.Debug|ARM.ActiveCfg = Debug|Any CPU
		{08C2D686-0DE8-4E15-AE9D-0CAB36F72B27}.Debug|ARM.Build.0 = Debug|Any CPU
		{08C2D686-0DE8-4E15-AE9D-0CAB36F72B27}.Debug|iPhone.ActiveCfg = Debug|Any CPU
		{08C2D686-0DE8-4E15-AE9D-0CAB36F72B27}.Debug|iPhone.Build.0 = Debug|Any CPU
		{08C2D686-0DE8-4E15-AE9D-0CAB36F72B27}.Debug|iPhoneSimulator.ActiveCfg = Debug|Any CPU
		{08C2D686-0DE8-4E15-AE9D-0CAB36F72B27}.Debug|iPhoneSimulator.Build.0 = Debug|Any CPU
		{08C2D686-0DE8-4E15-AE9D-0CAB36F72B27}.Debug|x64.ActiveCfg = Debug|Any CPU
		{08C2D686-0DE8-4E15-AE9D-0CAB36F72B27}.Debug|x64.Build.0 = Debug|Any CPU
		{08C2D686-0DE8-4E15-AE9D-0CAB36F72B27}.Debug|x86.ActiveCfg = Debug|Any CPU
		{08C2D686-0DE8-4E15-AE9D-0CAB36F72B27}.Debug|x86.Build.0 = Debug|Any CPU
		{08C2D686-0DE8-4E15-AE9D-0CAB36F72B27}.Release|Any CPU.ActiveCfg = Release|Any CPU
		{08C2D686-0DE8-4E15-AE9D-0CAB36F72B27}.Release|Any CPU.Build.0 = Release|Any CPU
		{08C2D686-0DE8-4E15-AE9D-0CAB36F72B27}.Release|ARM.ActiveCfg = Release|Any CPU
		{08C2D686-0DE8-4E15-AE9D-0CAB36F72B27}.Release|ARM.Build.0 = Release|Any CPU
		{08C2D686-0DE8-4E15-AE9D-0CAB36F72B27}.Release|iPhone.ActiveCfg = Release|Any CPU
		{08C2D686-0DE8-4E15-AE9D-0CAB36F72B27}.Release|iPhone.Build.0 = Release|Any CPU
		{08C2D686-0DE8-4E15-AE9D-0CAB36F72B27}.Release|iPhoneSimulator.ActiveCfg = Release|Any CPU
		{08C2D686-0DE8-4E15-AE9D-0CAB36F72B27}.Release|iPhoneSimulator.Build.0 = Release|Any CPU
		{08C2D686-0DE8-4E15-AE9D-0CAB36F72B27}.Release|x64.ActiveCfg = Release|Any CPU
		{08C2D686-0DE8-4E15-AE9D-0CAB36F72B27}.Release|x64.Build.0 = Release|Any CPU
		{08C2D686-0DE8-4E15-AE9D-0CAB36F72B27}.Release|x86.ActiveCfg = Release|Any CPU
		{08C2D686-0DE8-4E15-AE9D-0CAB36F72B27}.Release|x86.Build.0 = Release|Any CPU
		{AB1F0282-C4A7-49DF-982D-4DFF3EE7EAD6}.Ad-Hoc|Any CPU.ActiveCfg = Release|x86
		{AB1F0282-C4A7-49DF-982D-4DFF3EE7EAD6}.Ad-Hoc|Any CPU.Build.0 = Release|x86
		{AB1F0282-C4A7-49DF-982D-4DFF3EE7EAD6}.Ad-Hoc|Any CPU.Deploy.0 = Release|x86
		{AB1F0282-C4A7-49DF-982D-4DFF3EE7EAD6}.Ad-Hoc|ARM.ActiveCfg = Release|ARM
		{AB1F0282-C4A7-49DF-982D-4DFF3EE7EAD6}.Ad-Hoc|ARM.Build.0 = Release|ARM
		{AB1F0282-C4A7-49DF-982D-4DFF3EE7EAD6}.Ad-Hoc|ARM.Deploy.0 = Release|ARM
		{AB1F0282-C4A7-49DF-982D-4DFF3EE7EAD6}.Ad-Hoc|iPhone.ActiveCfg = Release|x86
		{AB1F0282-C4A7-49DF-982D-4DFF3EE7EAD6}.Ad-Hoc|iPhone.Build.0 = Release|x86
		{AB1F0282-C4A7-49DF-982D-4DFF3EE7EAD6}.Ad-Hoc|iPhone.Deploy.0 = Release|x86
		{AB1F0282-C4A7-49DF-982D-4DFF3EE7EAD6}.Ad-Hoc|iPhoneSimulator.ActiveCfg = Release|x86
		{AB1F0282-C4A7-49DF-982D-4DFF3EE7EAD6}.Ad-Hoc|iPhoneSimulator.Build.0 = Release|x86
		{AB1F0282-C4A7-49DF-982D-4DFF3EE7EAD6}.Ad-Hoc|iPhoneSimulator.Deploy.0 = Release|x86
		{AB1F0282-C4A7-49DF-982D-4DFF3EE7EAD6}.Ad-Hoc|x64.ActiveCfg = Release|x64
		{AB1F0282-C4A7-49DF-982D-4DFF3EE7EAD6}.Ad-Hoc|x64.Build.0 = Release|x64
		{AB1F0282-C4A7-49DF-982D-4DFF3EE7EAD6}.Ad-Hoc|x64.Deploy.0 = Release|x64
		{AB1F0282-C4A7-49DF-982D-4DFF3EE7EAD6}.Ad-Hoc|x86.ActiveCfg = Release|x86
		{AB1F0282-C4A7-49DF-982D-4DFF3EE7EAD6}.Ad-Hoc|x86.Build.0 = Release|x86
		{AB1F0282-C4A7-49DF-982D-4DFF3EE7EAD6}.Ad-Hoc|x86.Deploy.0 = Release|x86
		{AB1F0282-C4A7-49DF-982D-4DFF3EE7EAD6}.AppStore|Any CPU.ActiveCfg = Release|x86
		{AB1F0282-C4A7-49DF-982D-4DFF3EE7EAD6}.AppStore|Any CPU.Build.0 = Release|x86
		{AB1F0282-C4A7-49DF-982D-4DFF3EE7EAD6}.AppStore|Any CPU.Deploy.0 = Release|x86
		{AB1F0282-C4A7-49DF-982D-4DFF3EE7EAD6}.AppStore|ARM.ActiveCfg = Release|ARM
		{AB1F0282-C4A7-49DF-982D-4DFF3EE7EAD6}.AppStore|ARM.Build.0 = Release|ARM
		{AB1F0282-C4A7-49DF-982D-4DFF3EE7EAD6}.AppStore|ARM.Deploy.0 = Release|ARM
		{AB1F0282-C4A7-49DF-982D-4DFF3EE7EAD6}.AppStore|iPhone.ActiveCfg = Release|x86
		{AB1F0282-C4A7-49DF-982D-4DFF3EE7EAD6}.AppStore|iPhone.Build.0 = Release|x86
		{AB1F0282-C4A7-49DF-982D-4DFF3EE7EAD6}.AppStore|iPhone.Deploy.0 = Release|x86
		{AB1F0282-C4A7-49DF-982D-4DFF3EE7EAD6}.AppStore|iPhoneSimulator.ActiveCfg = Release|x86
		{AB1F0282-C4A7-49DF-982D-4DFF3EE7EAD6}.AppStore|iPhoneSimulator.Build.0 = Release|x86
		{AB1F0282-C4A7-49DF-982D-4DFF3EE7EAD6}.AppStore|iPhoneSimulator.Deploy.0 = Release|x86
		{AB1F0282-C4A7-49DF-982D-4DFF3EE7EAD6}.AppStore|x64.ActiveCfg = Release|x64
		{AB1F0282-C4A7-49DF-982D-4DFF3EE7EAD6}.AppStore|x64.Build.0 = Release|x64
		{AB1F0282-C4A7-49DF-982D-4DFF3EE7EAD6}.AppStore|x64.Deploy.0 = Release|x64
		{AB1F0282-C4A7-49DF-982D-4DFF3EE7EAD6}.AppStore|x86.ActiveCfg = Release|x86
		{AB1F0282-C4A7-49DF-982D-4DFF3EE7EAD6}.AppStore|x86.Build.0 = Release|x86
		{AB1F0282-C4A7-49DF-982D-4DFF3EE7EAD6}.AppStore|x86.Deploy.0 = Release|x86
		{AB1F0282-C4A7-49DF-982D-4DFF3EE7EAD6}.Debug|Any CPU.ActiveCfg = Debug|x86
		{AB1F0282-C4A7-49DF-982D-4DFF3EE7EAD6}.Debug|ARM.ActiveCfg = Debug|ARM
		{AB1F0282-C4A7-49DF-982D-4DFF3EE7EAD6}.Debug|ARM.Build.0 = Debug|ARM
		{AB1F0282-C4A7-49DF-982D-4DFF3EE7EAD6}.Debug|ARM.Deploy.0 = Debug|ARM
		{AB1F0282-C4A7-49DF-982D-4DFF3EE7EAD6}.Debug|iPhone.ActiveCfg = Debug|x86
		{AB1F0282-C4A7-49DF-982D-4DFF3EE7EAD6}.Debug|iPhoneSimulator.ActiveCfg = Debug|x86
		{AB1F0282-C4A7-49DF-982D-4DFF3EE7EAD6}.Debug|x64.ActiveCfg = Debug|x64
		{AB1F0282-C4A7-49DF-982D-4DFF3EE7EAD6}.Debug|x64.Build.0 = Debug|x64
		{AB1F0282-C4A7-49DF-982D-4DFF3EE7EAD6}.Debug|x64.Deploy.0 = Debug|x64
		{AB1F0282-C4A7-49DF-982D-4DFF3EE7EAD6}.Debug|x86.ActiveCfg = Debug|x86
		{AB1F0282-C4A7-49DF-982D-4DFF3EE7EAD6}.Debug|x86.Build.0 = Debug|x86
		{AB1F0282-C4A7-49DF-982D-4DFF3EE7EAD6}.Debug|x86.Deploy.0 = Debug|x86
		{AB1F0282-C4A7-49DF-982D-4DFF3EE7EAD6}.Release|Any CPU.ActiveCfg = Release|x86
		{AB1F0282-C4A7-49DF-982D-4DFF3EE7EAD6}.Release|ARM.ActiveCfg = Release|ARM
		{AB1F0282-C4A7-49DF-982D-4DFF3EE7EAD6}.Release|ARM.Build.0 = Release|ARM
		{AB1F0282-C4A7-49DF-982D-4DFF3EE7EAD6}.Release|ARM.Deploy.0 = Release|ARM
		{AB1F0282-C4A7-49DF-982D-4DFF3EE7EAD6}.Release|iPhone.ActiveCfg = Release|x86
		{AB1F0282-C4A7-49DF-982D-4DFF3EE7EAD6}.Release|iPhoneSimulator.ActiveCfg = Release|x86
		{AB1F0282-C4A7-49DF-982D-4DFF3EE7EAD6}.Release|x64.ActiveCfg = Release|x64
		{AB1F0282-C4A7-49DF-982D-4DFF3EE7EAD6}.Release|x64.Build.0 = Release|x64
		{AB1F0282-C4A7-49DF-982D-4DFF3EE7EAD6}.Release|x64.Deploy.0 = Release|x64
		{AB1F0282-C4A7-49DF-982D-4DFF3EE7EAD6}.Release|x86.ActiveCfg = Release|x86
		{AB1F0282-C4A7-49DF-982D-4DFF3EE7EAD6}.Release|x86.Build.0 = Release|x86
		{AB1F0282-C4A7-49DF-982D-4DFF3EE7EAD6}.Release|x86.Deploy.0 = Release|x86
		{DA528AD9-F08F-4B92-AF95-153174D36E13}.Ad-Hoc|Any CPU.ActiveCfg = Ad-Hoc|iPhone
		{DA528AD9-F08F-4B92-AF95-153174D36E13}.Ad-Hoc|ARM.ActiveCfg = Ad-Hoc|iPhone
		{DA528AD9-F08F-4B92-AF95-153174D36E13}.Ad-Hoc|iPhone.ActiveCfg = Ad-Hoc|iPhone
		{DA528AD9-F08F-4B92-AF95-153174D36E13}.Ad-Hoc|iPhone.Build.0 = Ad-Hoc|iPhone
		{DA528AD9-F08F-4B92-AF95-153174D36E13}.Ad-Hoc|iPhoneSimulator.ActiveCfg = Ad-Hoc|iPhoneSimulator
		{DA528AD9-F08F-4B92-AF95-153174D36E13}.Ad-Hoc|iPhoneSimulator.Build.0 = Ad-Hoc|iPhoneSimulator
		{DA528AD9-F08F-4B92-AF95-153174D36E13}.Ad-Hoc|x64.ActiveCfg = Ad-Hoc|iPhone
		{DA528AD9-F08F-4B92-AF95-153174D36E13}.Ad-Hoc|x86.ActiveCfg = Ad-Hoc|iPhone
		{DA528AD9-F08F-4B92-AF95-153174D36E13}.AppStore|Any CPU.ActiveCfg = AppStore|iPhone
		{DA528AD9-F08F-4B92-AF95-153174D36E13}.AppStore|ARM.ActiveCfg = AppStore|iPhone
		{DA528AD9-F08F-4B92-AF95-153174D36E13}.AppStore|iPhone.ActiveCfg = AppStore|iPhone
		{DA528AD9-F08F-4B92-AF95-153174D36E13}.AppStore|iPhone.Build.0 = AppStore|iPhone
		{DA528AD9-F08F-4B92-AF95-153174D36E13}.AppStore|iPhoneSimulator.ActiveCfg = AppStore|iPhoneSimulator
		{DA528AD9-F08F-4B92-AF95-153174D36E13}.AppStore|iPhoneSimulator.Build.0 = AppStore|iPhoneSimulator
		{DA528AD9-F08F-4B92-AF95-153174D36E13}.AppStore|x64.ActiveCfg = AppStore|iPhone
		{DA528AD9-F08F-4B92-AF95-153174D36E13}.AppStore|x86.ActiveCfg = AppStore|iPhone
		{DA528AD9-F08F-4B92-AF95-153174D36E13}.Debug|Any CPU.ActiveCfg = Debug|iPhone
		{DA528AD9-F08F-4B92-AF95-153174D36E13}.Debug|ARM.ActiveCfg = Debug|iPhone
		{DA528AD9-F08F-4B92-AF95-153174D36E13}.Debug|iPhone.ActiveCfg = Debug|iPhone
		{DA528AD9-F08F-4B92-AF95-153174D36E13}.Debug|iPhone.Build.0 = Debug|iPhone
		{DA528AD9-F08F-4B92-AF95-153174D36E13}.Debug|iPhoneSimulator.ActiveCfg = Debug|iPhoneSimulator
		{DA528AD9-F08F-4B92-AF95-153174D36E13}.Debug|iPhoneSimulator.Build.0 = Debug|iPhoneSimulator
		{DA528AD9-F08F-4B92-AF95-153174D36E13}.Debug|x64.ActiveCfg = Debug|iPhone
		{DA528AD9-F08F-4B92-AF95-153174D36E13}.Debug|x86.ActiveCfg = Debug|iPhone
		{DA528AD9-F08F-4B92-AF95-153174D36E13}.Release|Any CPU.ActiveCfg = Release|iPhone
		{DA528AD9-F08F-4B92-AF95-153174D36E13}.Release|ARM.ActiveCfg = Release|iPhone
		{DA528AD9-F08F-4B92-AF95-153174D36E13}.Release|iPhone.ActiveCfg = Release|iPhone
		{DA528AD9-F08F-4B92-AF95-153174D36E13}.Release|iPhone.Build.0 = Release|iPhone
		{DA528AD9-F08F-4B92-AF95-153174D36E13}.Release|iPhoneSimulator.ActiveCfg = Release|iPhoneSimulator
		{DA528AD9-F08F-4B92-AF95-153174D36E13}.Release|iPhoneSimulator.Build.0 = Release|iPhoneSimulator
		{DA528AD9-F08F-4B92-AF95-153174D36E13}.Release|x64.ActiveCfg = Release|iPhone
		{DA528AD9-F08F-4B92-AF95-153174D36E13}.Release|x86.ActiveCfg = Release|iPhone
	EndGlobalSection
	GlobalSection(SolutionProperties) = preSolution
		HideSolutionNode = FALSE
	EndGlobalSection
EndGlobal
